
Microsoft Visual Studio Solution File, Format Version 12.00
# Visual Studio Version 16
VisualStudioVersion = 16.0.29215.179
MinimumVisualStudioVersion = 10.0.40219.1
Project("{FAE04EC0-301F-11D3-BF4B-00C04F79EFBC}") = "QuickBuy.Dominio", "QuickBuy.Dominio\QuickBuy.Dominio.csproj", "{2BC08DE8-4415-4636-8FA7-3A1F66E772F2}"
EndProject
Project("{FAE04EC0-301F-11D3-BF4B-00C04F79EFBC}") = "QuickBuy.Repositorio", "QuickBuy.Repositorio\QuickBuy.Repositorio.csproj", "{E81B3E7E-AA32-4A96-9E9C-010C2FC3ADB6}"
EndProject
Project("{FAE04EC0-301F-11D3-BF4B-00C04F79EFBC}") = "QuickBuy.Web", "QuickBuy.Web\QuickBuy.Web.csproj", "{2CD7EBE2-1F8C-453B-A577-BE3670959E4D}"
EndProject
Global
	GlobalSection(SolutionConfigurationPlatforms) = preSolution
		Debug|Any CPU = Debug|Any CPU
		Release|Any CPU = Release|Any CPU
	EndGlobalSection
	GlobalSection(ProjectConfigurationPlatforms) = postSolution
		{2BC08DE8-4415-4636-8FA7-3A1F66E772F2}.Debug|Any CPU.ActiveCfg = Debug|Any CPU
		{2BC08DE8-4415-4636-8FA7-3A1F66E772F2}.Debug|Any CPU.Build.0 = Debug|Any CPU
		{2BC08DE8-4415-4636-8FA7-3A1F66E772F2}.Release|Any CPU.ActiveCfg = Release|Any CPU
		{2BC08DE8-4415-4636-8FA7-3A1F66E772F2}.Release|Any CPU.Build.0 = Release|Any CPU
		{E81B3E7E-AA32-4A96-9E9C-010C2FC3ADB6}.Debug|Any CPU.ActiveCfg = Debug|Any CPU
		{E81B3E7E-AA32-4A96-9E9C-010C2FC3ADB6}.Debug|Any CPU.Build.0 = Debug|Any CPU
		{E81B3E7E-AA32-4A96-9E9C-010C2FC3ADB6}.Release|Any CPU.ActiveCfg = Release|Any CPU
		{E81B3E7E-AA32-4A96-9E9C-010C2FC3ADB6}.Release|Any CPU.Build.0 = Release|Any CPU
		{2CD7EBE2-1F8C-453B-A577-BE3670959E4D}.Debug|Any CPU.ActiveCfg = Debug|Any CPU
		{2CD7EBE2-1F8C-453B-A577-BE3670959E4D}.Debug|Any CPU.Build.0 = Debug|Any CPU
		{2CD7EBE2-1F8C-453B-A577-BE3670959E4D}.Release|Any CPU.ActiveCfg = Release|Any CPU
		{2CD7EBE2-1F8C-453B-A577-BE3670959E4D}.Release|Any CPU.Build.0 = Release|Any CPU
	EndGlobalSection
	GlobalSection(SolutionProperties) = preSolution
		HideSolutionNode = FALSE
	EndGlobalSection
	GlobalSection(ExtensibilityGlobals) = postSolution
		SolutionGuid = {14ECFFB8-A6CB-4088-8E6C-485B6CE4D53A}
	EndGlobalSection
EndGlobal
